// !$*UTF8*$!
{
	archiveVersion = 1;
	classes = {
	};
	objectVersion = 55;
	objects = {

/* Begin PBXBuildFile section */
		9650A88C271F490000F66A7F /* main.cpp in Sources */ = {isa = PBXBuildFile; fileRef = 9650A88B271F490000F66A7F /* main.cpp */; };
		96E24B2227203E5F0070E6C7 /* TP4.cpp in Sources */ = {isa = PBXBuildFile; fileRef = 96E24B1C271F49920070E6C7 /* TP4.cpp */; };
		96E24B2327203E820070E6C7 /* TP2.cpp in Sources */ = {isa = PBXBuildFile; fileRef = 96E24B18271F49920070E6C7 /* TP2.cpp */; };
		96E24B2427203E850070E6C7 /* TP1.cpp in Sources */ = {isa = PBXBuildFile; fileRef = 96E24B1F271F49920070E6C7 /* TP1.cpp */; };
		96E24B2A27203F330070E6C7 /* TP3.cpp in Sources */ = {isa = PBXBuildFile; fileRef = 96E24B2727203F330070E6C7 /* TP3.cpp */; };
		96E24B312722EDC90070E6C7 /* TP5.cpp in Sources */ = {isa = PBXBuildFile; fileRef = 96E24B2F2722EDC90070E6C7 /* TP5.cpp */; };
/* End PBXBuildFile section */

/* Begin PBXCopyFilesBuildPhase section */
		96705097271F1F0D00180507 /* CopyFiles */ = {
			isa = PBXCopyFilesBuildPhase;
			buildActionMask = 2147483647;
			dstPath = /usr/share/man/man1/;
			dstSubfolderSpec = 0;
			files = (
			);
			runOnlyForDeploymentPostprocessing = 1;
		};
/* End PBXCopyFilesBuildPhase section */

/* Begin PBXFileReference section */
		9650A88B271F490000F66A7F /* main.cpp */ = {isa = PBXFileReference; lastKnownFileType = sourcecode.cpp.cpp; path = main.cpp; sourceTree = "<group>"; };
		96705099271F1F0D00180507 /* Base-Programation */ = {isa = PBXFileReference; explicitFileType = "compiled.mach-o.executable"; includeInIndex = 0; path = "Base-Programation"; sourceTree = BUILT_PRODUCTS_DIR; };
		96E24B18271F49920070E6C7 /* TP2.cpp */ = {isa = PBXFileReference; lastKnownFileType = sourcecode.cpp.cpp; path = TP2.cpp; sourceTree = "<group>"; };
		96E24B19271F49920070E6C7 /* TP2.zip */ = {isa = PBXFileReference; lastKnownFileType = archive.zip; path = TP2.zip; sourceTree = "<group>"; };
		96E24B1A271F49920070E6C7 /* TP2.hpp */ = {isa = PBXFileReference; lastKnownFileType = sourcecode.cpp.h; path = TP2.hpp; sourceTree = "<group>"; };
		96E24B1C271F49920070E6C7 /* TP4.cpp */ = {isa = PBXFileReference; lastKnownFileType = sourcecode.cpp.cpp; path = TP4.cpp; sourceTree = "<group>"; };
		96E24B1D271F49920070E6C7 /* TP4.hpp */ = {isa = PBXFileReference; lastKnownFileType = sourcecode.cpp.h; path = TP4.hpp; sourceTree = "<group>"; };
		96E24B1F271F49920070E6C7 /* TP1.cpp */ = {isa = PBXFileReference; lastKnownFileType = sourcecode.cpp.cpp; path = TP1.cpp; sourceTree = "<group>"; };
		96E24B20271F49920070E6C7 /* TP1.hpp */ = {isa = PBXFileReference; lastKnownFileType = sourcecode.cpp.h; path = TP1.hpp; sourceTree = "<group>"; };
		96E24B2727203F330070E6C7 /* TP3.cpp */ = {isa = PBXFileReference; fileEncoding = 4; lastKnownFileType = sourcecode.cpp.cpp; path = TP3.cpp; sourceTree = "<group>"; };
		96E24B2827203F330070E6C7 /* TP3.zip */ = {isa = PBXFileReference; lastKnownFileType = archive.zip; path = TP3.zip; sourceTree = "<group>"; };
		96E24B2927203F330070E6C7 /* TP3.hpp */ = {isa = PBXFileReference; fileEncoding = 4; lastKnownFileType = sourcecode.cpp.h; path = TP3.hpp; sourceTree = "<group>"; };
		96E24B2F2722EDC90070E6C7 /* TP5.cpp */ = {isa = PBXFileReference; lastKnownFileType = sourcecode.cpp.cpp; path = TP5.cpp; sourceTree = "<group>"; };
		96E24B302722EDC90070E6C7 /* TP5.hpp */ = {isa = PBXFileReference; lastKnownFileType = sourcecode.cpp.h; path = TP5.hpp; sourceTree = "<group>"; };
		96E24B322722FEDC0070E6C7 /* Structure.hpp */ = {isa = PBXFileReference; lastKnownFileType = sourcecode.cpp.h; path = Structure.hpp; sourceTree = "<group>"; };
/* End PBXFileReference section */

/* Begin PBXFrameworksBuildPhase section */
		96705096271F1F0D00180507 /* Frameworks */ = {
			isa = PBXFrameworksBuildPhase;
			buildActionMask = 2147483647;
			files = (
			);
			runOnlyForDeploymentPostprocessing = 0;
		};
/* End PBXFrameworksBuildPhase section */

/* Begin PBXGroup section */
		96705090271F1F0D00180507 = {
			isa = PBXGroup;
			children = (
				9650A88B271F490000F66A7F /* main.cpp */,
				96E24B322722FEDC0070E6C7 /* Structure.hpp */,
				96E24B1E271F49920070E6C7 /* TP1 */,
				96E24B17271F49920070E6C7 /* TP2 */,
				96E24B2D27203F880070E6C7 /* TP3 */,
				96E24B1B271F49920070E6C7 /* TP4 */,
				96E24B2E2722EDB40070E6C7 /* TP5 */,
				9670509A271F1F0D00180507 /* Products */,
			);
			sourceTree = "<group>";
		};
		9670509A271F1F0D00180507 /* Products */ = {
			isa = PBXGroup;
			children = (
				96705099271F1F0D00180507 /* Base-Programation */,
			);
			name = Products;
			sourceTree = "<group>";
		};
		96E24B17271F49920070E6C7 /* TP2 */ = {
			isa = PBXGroup;
			children = (
				96E24B18271F49920070E6C7 /* TP2.cpp */,
				96E24B19271F49920070E6C7 /* TP2.zip */,
				96E24B1A271F49920070E6C7 /* TP2.hpp */,
			);
			path = TP2;
			sourceTree = "<group>";
		};
		96E24B1B271F49920070E6C7 /* TP4 */ = {
			isa = PBXGroup;
			children = (
				96E24B1C271F49920070E6C7 /* TP4.cpp */,
				96E24B1D271F49920070E6C7 /* TP4.hpp */,
			);
			path = TP4;
			sourceTree = "<group>";
		};
		96E24B1E271F49920070E6C7 /* TP1 */ = {
			isa = PBXGroup;
			children = (
				96E24B1F271F49920070E6C7 /* TP1.cpp */,
				96E24B20271F49920070E6C7 /* TP1.hpp */,
			);
			path = TP1;
			sourceTree = "<group>";
		};
		96E24B2D27203F880070E6C7 /* TP3 */ = {
			isa = PBXGroup;
			children = (
				96E24B2727203F330070E6C7 /* TP3.cpp */,
				96E24B2927203F330070E6C7 /* TP3.hpp */,
				96E24B2827203F330070E6C7 /* TP3.zip */,
			);
			path = TP3;
			sourceTree = "<group>";
		};
		96E24B2E2722EDB40070E6C7 /* TP5 */ = {
			isa = PBXGroup;
			children = (
				96E24B2F2722EDC90070E6C7 /* TP5.cpp */,
				96E24B302722EDC90070E6C7 /* TP5.hpp */,
			);
			path = TP5;
			sourceTree = "<group>";
		};
/* End PBXGroup section */

/* Begin PBXNativeTarget section */
		96705098271F1F0D00180507 /* Base-Programation */ = {
			isa = PBXNativeTarget;
			buildConfigurationList = 967050A0271F1F0D00180507 /* Build configuration list for PBXNativeTarget "Base-Programation" */;
			buildPhases = (
				96705095271F1F0D00180507 /* Sources */,
				96705096271F1F0D00180507 /* Frameworks */,
				96705097271F1F0D00180507 /* CopyFiles */,
			);
			buildRules = (
			);
			dependencies = (
			);
			name = "Base-Programation";
			productName = "Base-Programation";
			productReference = 96705099271F1F0D00180507 /* Base-Programation */;
			productType = "com.apple.product-type.tool";
		};
/* End PBXNativeTarget section */

/* Begin PBXProject section */
		96705091271F1F0D00180507 /* Project object */ = {
			isa = PBXProject;
			attributes = {
				BuildIndependentTargetsInParallel = 1;
				KnownAssetTags = (
					New,
				);
				LastUpgradeCheck = 1300;
				TargetAttributes = {
					96705098271F1F0D00180507 = {
						CreatedOnToolsVersion = 13.0;
					};
				};
			};
			buildConfigurationList = 96705094271F1F0D00180507 /* Build configuration list for PBXProject "Base-Programation" */;
			compatibilityVersion = "Xcode 13.0";
			developmentRegion = en;
			hasScannedForEncodings = 0;
			knownRegions = (
				en,
				Base,
			);
			mainGroup = 96705090271F1F0D00180507;
			productRefGroup = 9670509A271F1F0D00180507 /* Products */;
			projectDirPath = "";
			projectRoot = "";
			targets = (
				96705098271F1F0D00180507 /* Base-Programation */,
			);
		};
/* End PBXProject section */

/* Begin PBXSourcesBuildPhase section */
		96705095271F1F0D00180507 /* Sources */ = {
			isa = PBXSourcesBuildPhase;
			buildActionMask = 2147483647;
			files = (
				9650A88C271F490000F66A7F /* main.cpp in Sources */,
				96E24B2427203E850070E6C7 /* TP1.cpp in Sources */,
				96E24B2327203E820070E6C7 /* TP2.cpp in Sources */,
				96E24B312722EDC90070E6C7 /* TP5.cpp in Sources */,
				96E24B2A27203F330070E6C7 /* TP3.cpp in Sources */,
				96E24B2227203E5F0070E6C7 /* TP4.cpp in Sources */,
			);
			runOnlyForDeploymentPostprocessing = 0;
		};
/* End PBXSourcesBuildPhase section */

/* Begin XCBuildConfiguration section */
		9670509E271F1F0D00180507 /* Debug */ = {
			isa = XCBuildConfiguration;
			buildSettings = {
				ALWAYS_SEARCH_USER_PATHS = NO;
				CLANG_ANALYZER_NONNULL = YES;
				CLANG_ANALYZER_NUMBER_OBJECT_CONVERSION = YES_AGGRESSIVE;
				CLANG_CXX_LANGUAGE_STANDARD = "gnu++17";
				CLANG_CXX_LIBRARY = "libc++";
				CLANG_ENABLE_MODULES = YES;
				CLANG_ENABLE_OBJC_ARC = YES;
				CLANG_ENABLE_OBJC_WEAK = YES;
				CLANG_WARN_BLOCK_CAPTURE_AUTORELEASING = YES;
				CLANG_WARN_BOOL_CONVERSION = YES;
				CLANG_WARN_COMMA = YES;
				CLANG_WARN_CONSTANT_CONVERSION = YES;
				CLANG_WARN_DEPRECATED_OBJC_IMPLEMENTATIONS = YES;
				CLANG_WARN_DIRECT_OBJC_ISA_USAGE = YES_ERROR;
				CLANG_WARN_DOCUMENTATION_COMMENTS = YES;
				CLANG_WARN_EMPTY_BODY = YES;
				CLANG_WARN_ENUM_CONVERSION = YES;
				CLANG_WARN_INFINITE_RECURSION = YES;
				CLANG_WARN_INT_CONVERSION = YES;
				CLANG_WARN_NON_LITERAL_NULL_CONVERSION = YES;
				CLANG_WARN_OBJC_IMPLICIT_RETAIN_SELF = YES;
				CLANG_WARN_OBJC_LITERAL_CONVERSION = YES;
				CLANG_WARN_OBJC_ROOT_CLASS = YES_ERROR;
				CLANG_WARN_QUOTED_INCLUDE_IN_FRAMEWORK_HEADER = YES;
				CLANG_WARN_RANGE_LOOP_ANALYSIS = YES;
				CLANG_WARN_STRICT_PROTOTYPES = YES;
				CLANG_WARN_SUSPICIOUS_MOVE = YES;
				CLANG_WARN_UNGUARDED_AVAILABILITY = YES_AGGRESSIVE;
				CLANG_WARN_UNREACHABLE_CODE = YES;
				CLANG_WARN__DUPLICATE_METHOD_MATCH = YES;
				COPY_PHASE_STRIP = NO;
				DEBUG_INFORMATION_FORMAT = dwarf;
				ENABLE_STRICT_OBJC_MSGSEND = YES;
				ENABLE_TESTABILITY = YES;
				GCC_C_LANGUAGE_STANDARD = gnu11;
				GCC_DYNAMIC_NO_PIC = NO;
				GCC_NO_COMMON_BLOCKS = YES;
				GCC_OPTIMIZATION_LEVEL = 0;
				GCC_PREPROCESSOR_DEFINITIONS = (
					"DEBUG=1",
					"$(inherited)",
				);
				GCC_WARN_64_TO_32_BIT_CONVERSION = YES;
				GCC_WARN_ABOUT_RETURN_TYPE = YES_ERROR;
				GCC_WARN_UNDECLARED_SELECTOR = YES;
				GCC_WARN_UNINITIALIZED_AUTOS = YES_AGGRESSIVE;
				GCC_WARN_UNUSED_FUNCTION = YES;
				GCC_WARN_UNUSED_VARIABLE = YES;
				MACOSX_DEPLOYMENT_TARGET = 11.3;
				MTL_ENABLE_DEBUG_INFO = INCLUDE_SOURCE;
				MTL_FAST_MATH = YES;
				ONLY_ACTIVE_ARCH = YES;
				SDKROOT = macosx;
			};
			name = Debug;
		};
		9670509F271F1F0D00180507 /* Release */ = {
			isa = XCBuildConfiguration;
			buildSettings = {
				ALWAYS_SEARCH_USER_PATHS = NO;
				CLANG_ANALYZER_NONNULL = YES;
				CLANG_ANALYZER_NUMBER_OBJECT_CONVERSION = YES_AGGRESSIVE;
				CLANG_CXX_LANGUAGE_STANDARD = "gnu++17";
				CLANG_CXX_LIBRARY = "libc++";
				CLANG_ENABLE_MODULES = YES;
				CLANG_ENABLE_OBJC_ARC = YES;
				CLANG_ENABLE_OBJC_WEAK = YES;
				CLANG_WARN_BLOCK_CAPTURE_AUTORELEASING = YES;
				CLANG_WARN_BOOL_CONVERSION = YES;
				CLANG_WARN_COMMA = YES;
				CLANG_WARN_CONSTANT_CONVERSION = YES;
				CLANG_WARN_DEPRECATED_OBJC_IMPLEMENTATIONS = YES;
				CLANG_WARN_DIRECT_OBJC_ISA_USAGE = YES_ERROR;
				CLANG_WARN_DOCUMENTATION_COMMENTS = YES;
				CLANG_WARN_EMPTY_BODY = YES;
				CLANG_WARN_ENUM_CONVERSION = YES;
				CLANG_WARN_INFINITE_RECURSION = YES;
				CLANG_WARN_INT_CONVERSION = YES;
				CLANG_WARN_NON_LITERAL_NULL_CONVERSION = YES;
				CLANG_WARN_OBJC_IMPLICIT_RETAIN_SELF = YES;
				CLANG_WARN_OBJC_LITERAL_CONVERSION = YES;
				CLANG_WARN_OBJC_ROOT_CLASS = YES_ERROR;
				CLANG_WARN_QUOTED_INCLUDE_IN_FRAMEWORK_HEADER = YES;
				CLANG_WARN_RANGE_LOOP_ANALYSIS = YES;
				CLANG_WARN_STRICT_PROTOTYPES = YES;
				CLANG_WARN_SUSPICIOUS_MOVE = YES;
				CLANG_WARN_UNGUARDED_AVAILABILITY = YES_AGGRESSIVE;
				CLANG_WARN_UNREACHABLE_CODE = YES;
				CLANG_WARN__DUPLICATE_METHOD_MATCH = YES;
				COPY_PHASE_STRIP = NO;
				DEBUG_INFORMATION_FORMAT = "dwarf-with-dsym";
				ENABLE_NS_ASSERTIONS = NO;
				ENABLE_STRICT_OBJC_MSGSEND = YES;
				GCC_C_LANGUAGE_STANDARD = gnu11;
				GCC_NO_COMMON_BLOCKS = YES;
				GCC_WARN_64_TO_32_BIT_CONVERSION = YES;
				GCC_WARN_ABOUT_RETURN_TYPE = YES_ERROR;
				GCC_WARN_UNDECLARED_SELECTOR = YES;
				GCC_WARN_UNINITIALIZED_AUTOS = YES_AGGRESSIVE;
				GCC_WARN_UNUSED_FUNCTION = YES;
				GCC_WARN_UNUSED_VARIABLE = YES;
				MACOSX_DEPLOYMENT_TARGET = 11.3;
				MTL_ENABLE_DEBUG_INFO = NO;
				MTL_FAST_MATH = YES;
				SDKROOT = macosx;
			};
			name = Release;
		};
		967050A1271F1F0D00180507 /* Debug */ = {
			isa = XCBuildConfiguration;
			buildSettings = {
				CODE_SIGN_STYLE = Automatic;
				DEVELOPMENT_TEAM = 9VBF3A62CY;
				ENABLE_HARDENED_RUNTIME = YES;
				PRODUCT_NAME = "$(TARGET_NAME)";
			};
			name = Debug;
		};
		967050A2271F1F0D00180507 /* Release */ = {
			isa = XCBuildConfiguration;
			buildSettings = {
				CODE_SIGN_STYLE = Automatic;
				DEVELOPMENT_TEAM = 9VBF3A62CY;
				ENABLE_HARDENED_RUNTIME = YES;
				PRODUCT_NAME = "$(TARGET_NAME)";
			};
			name = Release;
		};
/* End XCBuildConfiguration section */

/* Begin XCConfigurationList section */
		96705094271F1F0D00180507 /* Build configuration list for PBXProject "Base-Programation" */ = {
			isa = XCConfigurationList;
			buildConfigurations = (
				9670509E271F1F0D00180507 /* Debug */,
				9670509F271F1F0D00180507 /* Release */,
			);
			defaultConfigurationIsVisible = 0;
			defaultConfigurationName = Release;
		};
		967050A0271F1F0D00180507 /* Build configuration list for PBXNativeTarget "Base-Programation" */ = {
			isa = XCConfigurationList;
			buildConfigurations = (
				967050A1271F1F0D00180507 /* Debug */,
				967050A2271F1F0D00180507 /* Release */,
			);
			defaultConfigurationIsVisible = 0;
			defaultConfigurationName = Release;
		};
/* End XCConfigurationList section */
	};
	rootObject = 96705091271F1F0D00180507 /* Project object */;
}
